
Microsoft Visual Studio Solution File, Format Version 12.00
# Visual Studio Version 17
VisualStudioVersion = 17.14.36017.23 d17.14
MinimumVisualStudioVersion = 10.0.40219.1
Project("{FAE04EC0-301F-11D3-BF4B-00C04F79EFBC}") = "CSharp", "CSharp\CSharp.csproj", "{D911C98F-61BD-4DB5-87B9-EEE51BBF316C}"
EndProject
Project("{FAE04EC0-301F-11D3-BF4B-00C04F79EFBC}") = "PublisherDomain", "PublisherDomain\PublisherDomain.csproj", "{95816A44-6A5D-4D58-AC9F-BCCA1C5CBD23}"
EndProject
Global
	GlobalSection(SolutionConfigurationPlatforms) = preSolution
		Debug|Any CPU = Debug|Any CPU
		Release|Any CPU = Release|Any CPU
	EndGlobalSection
	GlobalSection(ProjectConfigurationPlatforms) = postSolution
		{D911C98F-61BD-4DB5-87B9-EEE51BBF316C}.Debug|Any CPU.ActiveCfg = Debug|Any CPU
		{D911C98F-61BD-4DB5-87B9-EEE51BBF316C}.Debug|Any CPU.Build.0 = Debug|Any CPU
		{D911C98F-61BD-4DB5-87B9-EEE51BBF316C}.Release|Any CPU.ActiveCfg = Release|Any CPU
		{D911C98F-61BD-4DB5-87B9-EEE51BBF316C}.Release|Any CPU.Build.0 = Release|Any CPU
		{95816A44-6A5D-4D58-AC9F-BCCA1C5CBD23}.Debug|Any CPU.ActiveCfg = Debug|Any CPU
		{95816A44-6A5D-4D58-AC9F-BCCA1C5CBD23}.Debug|Any CPU.Build.0 = Debug|Any CPU
		{95816A44-6A5D-4D58-AC9F-BCCA1C5CBD23}.Release|Any CPU.ActiveCfg = Release|Any CPU
		{95816A44-6A5D-4D58-AC9F-BCCA1C5CBD23}.Release|Any CPU.Build.0 = Release|Any CPU
	EndGlobalSection
	GlobalSection(SolutionProperties) = preSolution
		HideSolutionNode = FALSE
	EndGlobalSection
	GlobalSection(ExtensibilityGlobals) = postSolution
		SolutionGuid = {D7CAEB55-307C-461B-8354-D47B6C48609E}
	EndGlobalSection
EndGlobal
